// !$*UTF8*$!
{
	archiveVersion = 1;
	classes = {
	};
	objectVersion = 54;
	objects = {

/* Begin PBXBuildFile section */
		930EE286282B2219009AFA6A /* libcurl.tbd in Frameworks */ = {isa = PBXBuildFile; fileRef = 930EE285282B2219009AFA6A /* libcurl.tbd */; };
		931B36C928A8399300752C4F /* json.hpp in Headers */ = {isa = PBXBuildFile; fileRef = 931B36C828A8399300752C4F /* json.hpp */; };
		933E14251EDCA6B90044D947 /* main.cpp in Sources */ = {isa = PBXBuildFile; fileRef = 933E14211EDCA6B90044D947 /* main.cpp */; };
		933E14261EDCA6B90044D947 /* main.h in Headers */ = {isa = PBXBuildFile; fileRef = 933E14221EDCA6B90044D947 /* main.h */; };
		933E14271EDCA6B90044D947 /* x2weatherstation.cpp in Sources */ = {isa = PBXBuildFile; fileRef = 933E14231EDCA6B90044D947 /* x2weatherstation.cpp */; };
		933E14281EDCA6B90044D947 /* x2weatherstation.h in Headers */ = {isa = PBXBuildFile; fileRef = 933E14241EDCA6B90044D947 /* x2weatherstation.h */; };
		935C91232626398E0048E555 /* WeatherLink.h in Headers */ = {isa = PBXBuildFile; fileRef = 935C91212626398E0048E555 /* WeatherLink.h */; };
		935C91242626398E0048E555 /* WeatherLink.cpp in Sources */ = {isa = PBXBuildFile; fileRef = 935C91222626398E0048E555 /* WeatherLink.cpp */; };
		939F4F2D1EE1EE6300E26EED /* IOKit.framework in Frameworks */ = {isa = PBXBuildFile; fileRef = 939F4F2C1EE1EE6300E26EED /* IOKit.framework */; };
		939F4F2F1EE1EE7200E26EED /* CoreFoundation.framework in Frameworks */ = {isa = PBXBuildFile; fileRef = 939F4F2E1EE1EE7200E26EED /* CoreFoundation.framework */; };
/* End PBXBuildFile section */

/* Begin PBXFileReference section */
		930EE285282B2219009AFA6A /* libcurl.tbd */ = {isa = PBXFileReference; lastKnownFileType = "sourcecode.text-based-dylib-definition"; name = libcurl.tbd; path = usr/lib/libcurl.tbd; sourceTree = SDKROOT; };
		931B36C828A8399300752C4F /* json.hpp */ = {isa = PBXFileReference; fileEncoding = 4; lastKnownFileType = sourcecode.cpp.h; path = json.hpp; sourceTree = "<group>"; };
		933E14191EDCA6680044D947 /* libWeatherLink.dylib */ = {isa = PBXFileReference; explicitFileType = "compiled.mach-o.dylib"; includeInIndex = 0; path = libWeatherLink.dylib; sourceTree = BUILT_PRODUCTS_DIR; };
		933E14211EDCA6B90044D947 /* main.cpp */ = {isa = PBXFileReference; fileEncoding = 4; lastKnownFileType = sourcecode.cpp.cpp; path = main.cpp; sourceTree = "<group>"; };
		933E14221EDCA6B90044D947 /* main.h */ = {isa = PBXFileReference; fileEncoding = 4; lastKnownFileType = sourcecode.c.h; path = main.h; sourceTree = "<group>"; };
		933E14231EDCA6B90044D947 /* x2weatherstation.cpp */ = {isa = PBXFileReference; fileEncoding = 4; lastKnownFileType = sourcecode.cpp.cpp; path = x2weatherstation.cpp; sourceTree = "<group>"; };
		933E14241EDCA6B90044D947 /* x2weatherstation.h */ = {isa = PBXFileReference; fileEncoding = 4; lastKnownFileType = sourcecode.c.h; path = x2weatherstation.h; sourceTree = "<group>"; };
		935C91212626398E0048E555 /* WeatherLink.h */ = {isa = PBXFileReference; fileEncoding = 4; lastKnownFileType = sourcecode.c.h; path = WeatherLink.h; sourceTree = "<group>"; };
		935C91222626398E0048E555 /* WeatherLink.cpp */ = {isa = PBXFileReference; fileEncoding = 4; lastKnownFileType = sourcecode.cpp.cpp; path = WeatherLink.cpp; sourceTree = "<group>"; };
		939F4F2C1EE1EE6300E26EED /* IOKit.framework */ = {isa = PBXFileReference; lastKnownFileType = wrapper.framework; name = IOKit.framework; path = System/Library/Frameworks/IOKit.framework; sourceTree = SDKROOT; };
		939F4F2E1EE1EE7200E26EED /* CoreFoundation.framework */ = {isa = PBXFileReference; lastKnownFileType = wrapper.framework; name = CoreFoundation.framework; path = System/Library/Frameworks/CoreFoundation.framework; sourceTree = SDKROOT; };
/* End PBXFileReference section */

/* Begin PBXFrameworksBuildPhase section */
		933E14161EDCA6680044D947 /* Frameworks */ = {
			isa = PBXFrameworksBuildPhase;
			buildActionMask = 2147483647;
			files = (
				930EE286282B2219009AFA6A /* libcurl.tbd in Frameworks */,
				939F4F2F1EE1EE7200E26EED /* CoreFoundation.framework in Frameworks */,
				939F4F2D1EE1EE6300E26EED /* IOKit.framework in Frameworks */,
			);
			runOnlyForDeploymentPostprocessing = 0;
		};
/* End PBXFrameworksBuildPhase section */

/* Begin PBXGroup section */
		933E14101EDCA6680044D947 = {
			isa = PBXGroup;
			children = (
				933E14201EDCA6AC0044D947 /* Sources */,
				939F4F2B1EE1EE6200E26EED /* Frameworks */,
				933E141A1EDCA6680044D947 /* Products */,
			);
			sourceTree = "<group>";
		};
		933E141A1EDCA6680044D947 /* Products */ = {
			isa = PBXGroup;
			children = (
				933E14191EDCA6680044D947 /* libWeatherLink.dylib */,
			);
			name = Products;
			sourceTree = "<group>";
		};
		933E14201EDCA6AC0044D947 /* Sources */ = {
			isa = PBXGroup;
			children = (
				931B36C828A8399300752C4F /* json.hpp */,
				935C91222626398E0048E555 /* WeatherLink.cpp */,
				935C91212626398E0048E555 /* WeatherLink.h */,
				933E14211EDCA6B90044D947 /* main.cpp */,
				933E14221EDCA6B90044D947 /* main.h */,
				933E14231EDCA6B90044D947 /* x2weatherstation.cpp */,
				933E14241EDCA6B90044D947 /* x2weatherstation.h */,
			);
			name = Sources;
			sourceTree = "<group>";
		};
		939F4F2B1EE1EE6200E26EED /* Frameworks */ = {
			isa = PBXGroup;
			children = (
				930EE285282B2219009AFA6A /* libcurl.tbd */,
				939F4F2E1EE1EE7200E26EED /* CoreFoundation.framework */,
				939F4F2C1EE1EE6300E26EED /* IOKit.framework */,
			);
			name = Frameworks;
			sourceTree = "<group>";
		};
/* End PBXGroup section */

/* Begin PBXHeadersBuildPhase section */
		933E14171EDCA6680044D947 /* Headers */ = {
			isa = PBXHeadersBuildPhase;
			buildActionMask = 2147483647;
			files = (
				931B36C928A8399300752C4F /* json.hpp in Headers */,
				935C91232626398E0048E555 /* WeatherLink.h in Headers */,
				933E14281EDCA6B90044D947 /* x2weatherstation.h in Headers */,
				933E14261EDCA6B90044D947 /* main.h in Headers */,
			);
			runOnlyForDeploymentPostprocessing = 0;
		};
/* End PBXHeadersBuildPhase section */

/* Begin PBXNativeTarget section */
		933E14181EDCA6680044D947 /* WeatherLink */ = {
			isa = PBXNativeTarget;
			buildConfigurationList = 933E141D1EDCA6680044D947 /* Build configuration list for PBXNativeTarget "WeatherLink" */;
			buildPhases = (
				933E14151EDCA6680044D947 /* Sources */,
				933E14161EDCA6680044D947 /* Frameworks */,
				933E14171EDCA6680044D947 /* Headers */,
			);
			buildRules = (
			);
			dependencies = (
			);
			name = WeatherLink;
			productName = WeatherLink;
			productReference = 933E14191EDCA6680044D947 /* libWeatherLink.dylib */;
			productType = "com.apple.product-type.library.dynamic";
		};
/* End PBXNativeTarget section */

/* Begin PBXProject section */
		933E14111EDCA6680044D947 /* Project object */ = {
			isa = PBXProject;
			attributes = {
				LastUpgradeCheck = 1410;
				ORGANIZATIONNAME = "RTI-Zone";
				TargetAttributes = {
					933E14181EDCA6680044D947 = {
						CreatedOnToolsVersion = 8.2.1;
						DevelopmentTeam = PB97QXVYQC;
						ProvisioningStyle = Manual;
					};
				};
			};
			buildConfigurationList = 933E14141EDCA6680044D947 /* Build configuration list for PBXProject "WeatherLink" */;
			compatibilityVersion = "Xcode 12.0";
			developmentRegion = en;
			hasScannedForEncodings = 0;
			knownRegions = (
				en,
				Base,
			);
			mainGroup = 933E14101EDCA6680044D947;
			productRefGroup = 933E141A1EDCA6680044D947 /* Products */;
			projectDirPath = "";
			projectRoot = "";
			targets = (
				933E14181EDCA6680044D947 /* WeatherLink */,
			);
		};
/* End PBXProject section */

/* Begin PBXSourcesBuildPhase section */
		933E14151EDCA6680044D947 /* Sources */ = {
			isa = PBXSourcesBuildPhase;
			buildActionMask = 2147483647;
			files = (
				935C91242626398E0048E555 /* WeatherLink.cpp in Sources */,
				933E14251EDCA6B90044D947 /* main.cpp in Sources */,
				933E14271EDCA6B90044D947 /* x2weatherstation.cpp in Sources */,
			);
			runOnlyForDeploymentPostprocessing = 0;
		};
/* End PBXSourcesBuildPhase section */

/* Begin XCBuildConfiguration section */
		933E141B1EDCA6680044D947 /* Debug */ = {
			isa = XCBuildConfiguration;
			buildSettings = {
				ALWAYS_SEARCH_USER_PATHS = NO;
				CLANG_ANALYZER_LOCALIZABILITY_NONLOCALIZED = YES;
				CLANG_ANALYZER_NONNULL = YES;
				CLANG_CXX_LANGUAGE_STANDARD = "c++17";
				CLANG_CXX_LIBRARY = "compiler-default";
				CLANG_ENABLE_MODULES = YES;
				CLANG_ENABLE_OBJC_ARC = YES;
				CLANG_WARN_BLOCK_CAPTURE_AUTORELEASING = YES;
				CLANG_WARN_BOOL_CONVERSION = YES;
				CLANG_WARN_COMMA = YES;
				CLANG_WARN_CONSTANT_CONVERSION = YES;
				CLANG_WARN_DEPRECATED_OBJC_IMPLEMENTATIONS = YES;
				CLANG_WARN_DIRECT_OBJC_ISA_USAGE = YES_ERROR;
				CLANG_WARN_DOCUMENTATION_COMMENTS = YES;
				CLANG_WARN_EMPTY_BODY = YES;
				CLANG_WARN_ENUM_CONVERSION = YES;
				CLANG_WARN_INFINITE_RECURSION = YES;
				CLANG_WARN_INT_CONVERSION = YES;
				CLANG_WARN_NON_LITERAL_NULL_CONVERSION = YES;
				CLANG_WARN_OBJC_IMPLICIT_RETAIN_SELF = YES;
				CLANG_WARN_OBJC_LITERAL_CONVERSION = YES;
				CLANG_WARN_OBJC_ROOT_CLASS = YES_ERROR;
				CLANG_WARN_QUOTED_INCLUDE_IN_FRAMEWORK_HEADER = YES;
				CLANG_WARN_RANGE_LOOP_ANALYSIS = YES;
				CLANG_WARN_STRICT_PROTOTYPES = YES;
				CLANG_WARN_SUSPICIOUS_MOVE = YES;
				CLANG_WARN_UNREACHABLE_CODE = YES;
				CLANG_WARN__DUPLICATE_METHOD_MATCH = YES;
				CODE_SIGN_IDENTITY = "-";
				CODE_SIGN_STYLE = Manual;
				COPY_PHASE_STRIP = NO;
				DEAD_CODE_STRIPPING = YES;
				DEBUG_INFORMATION_FORMAT = dwarf;
				DEVELOPMENT_TEAM = "";
				ENABLE_STRICT_OBJC_MSGSEND = YES;
				ENABLE_TESTABILITY = YES;
				GCC_C_LANGUAGE_STANDARD = "compiler-default";
				GCC_DYNAMIC_NO_PIC = NO;
				GCC_NO_COMMON_BLOCKS = YES;
				GCC_OPTIMIZATION_LEVEL = 0;
				GCC_PREPROCESSOR_DEFINITIONS = (
					"DEBUG=1",
					"$(inherited)",
				);
				GCC_WARN_64_TO_32_BIT_CONVERSION = YES;
				GCC_WARN_ABOUT_RETURN_TYPE = YES_ERROR;
				GCC_WARN_UNDECLARED_SELECTOR = YES;
				GCC_WARN_UNINITIALIZED_AUTOS = YES_AGGRESSIVE;
				GCC_WARN_UNUSED_FUNCTION = YES;
				GCC_WARN_UNUSED_VARIABLE = YES;
				MACOSX_DEPLOYMENT_TARGET = 10.9;
				MTL_ENABLE_DEBUG_INFO = YES;
				ONLY_ACTIVE_ARCH = YES;
				SDKROOT = macosx;
			};
			name = Debug;
		};
		933E141C1EDCA6680044D947 /* Release */ = {
			isa = XCBuildConfiguration;
			buildSettings = {
				ALWAYS_SEARCH_USER_PATHS = NO;
				CLANG_ANALYZER_LOCALIZABILITY_NONLOCALIZED = YES;
				CLANG_ANALYZER_NONNULL = YES;
				CLANG_CXX_LANGUAGE_STANDARD = "c++17";
				CLANG_CXX_LIBRARY = "compiler-default";
				CLANG_ENABLE_MODULES = YES;
				CLANG_ENABLE_OBJC_ARC = YES;
				CLANG_WARN_BLOCK_CAPTURE_AUTORELEASING = YES;
				CLANG_WARN_BOOL_CONVERSION = YES;
				CLANG_WARN_COMMA = YES;
				CLANG_WARN_CONSTANT_CONVERSION = YES;
				CLANG_WARN_DEPRECATED_OBJC_IMPLEMENTATIONS = YES;
				CLANG_WARN_DIRECT_OBJC_ISA_USAGE = YES_ERROR;
				CLANG_WARN_DOCUMENTATION_COMMENTS = YES;
				CLANG_WARN_EMPTY_BODY = YES;
				CLANG_WARN_ENUM_CONVERSION = YES;
				CLANG_WARN_INFINITE_RECURSION = YES;
				CLANG_WARN_INT_CONVERSION = YES;
				CLANG_WARN_NON_LITERAL_NULL_CONVERSION = YES;
				CLANG_WARN_OBJC_IMPLICIT_RETAIN_SELF = YES;
				CLANG_WARN_OBJC_LITERAL_CONVERSION = YES;
				CLANG_WARN_OBJC_ROOT_CLASS = YES_ERROR;
				CLANG_WARN_QUOTED_INCLUDE_IN_FRAMEWORK_HEADER = YES;
				CLANG_WARN_RANGE_LOOP_ANALYSIS = YES;
				CLANG_WARN_STRICT_PROTOTYPES = YES;
				CLANG_WARN_SUSPICIOUS_MOVE = YES;
				CLANG_WARN_UNREACHABLE_CODE = YES;
				CLANG_WARN__DUPLICATE_METHOD_MATCH = YES;
				CODE_SIGN_IDENTITY = "-";
				CODE_SIGN_STYLE = Manual;
				COPY_PHASE_STRIP = NO;
				DEAD_CODE_STRIPPING = YES;
				DEBUG_INFORMATION_FORMAT = "dwarf-with-dsym";
				DEVELOPMENT_TEAM = "";
				ENABLE_NS_ASSERTIONS = NO;
				ENABLE_STRICT_OBJC_MSGSEND = YES;
				GCC_C_LANGUAGE_STANDARD = "compiler-default";
				GCC_NO_COMMON_BLOCKS = YES;
				GCC_WARN_64_TO_32_BIT_CONVERSION = YES;
				GCC_WARN_ABOUT_RETURN_TYPE = YES_ERROR;
				GCC_WARN_UNDECLARED_SELECTOR = YES;
				GCC_WARN_UNINITIALIZED_AUTOS = YES_AGGRESSIVE;
				GCC_WARN_UNUSED_FUNCTION = YES;
				GCC_WARN_UNUSED_VARIABLE = YES;
				MACOSX_DEPLOYMENT_TARGET = 10.9;
				MTL_ENABLE_DEBUG_INFO = NO;
				SDKROOT = macosx;
			};
			name = Release;
		};
		933E141E1EDCA6680044D947 /* Debug */ = {
			isa = XCBuildConfiguration;
			buildSettings = {
				CLANG_CXX_LANGUAGE_STANDARD = "c++17";
				CODE_SIGN_IDENTITY = "-";
				DEAD_CODE_STRIPPING = YES;
				DEVELOPMENT_TEAM = "";
				DYLIB_COMPATIBILITY_VERSION = 1;
				DYLIB_CURRENT_VERSION = 1;
				EXECUTABLE_PREFIX = lib;
				"GCC_PREPROCESSOR_DEFINITIONS[arch=*]" = SB_MAC_BUILD;
				HEADER_SEARCH_PATHS = (
					"\"$(SRCROOT)/\"",
					"\"$(SRCROOT)/../..\"",
				);
				MACOSX_DEPLOYMENT_TARGET = 10.13;
				ONLY_ACTIVE_ARCH = NO;
				PRODUCT_NAME = "$(TARGET_NAME)";
			};
			name = Debug;
		};
		933E141F1EDCA6680044D947 /* Release */ = {
			isa = XCBuildConfiguration;
			buildSettings = {
				CLANG_CXX_LANGUAGE_STANDARD = "c++17";
				CODE_SIGN_IDENTITY = "-";
				DEAD_CODE_STRIPPING = YES;
				DEVELOPMENT_TEAM = "";
				DYLIB_COMPATIBILITY_VERSION = 1;
				DYLIB_CURRENT_VERSION = 1;
				EXECUTABLE_PREFIX = lib;
				"GCC_PREPROCESSOR_DEFINITIONS[arch=*]" = SB_MAC_BUILD;
				HEADER_SEARCH_PATHS = (
					"\"$(SRCROOT)/\"",
					"\"$(SRCROOT)/../..\"",
				);
				MACOSX_DEPLOYMENT_TARGET = 10.13;
				ONLY_ACTIVE_ARCH = NO;
				PRODUCT_NAME = "$(TARGET_NAME)";
			};
			name = Release;
		};
/* End XCBuildConfiguration section */

/* Begin XCConfigurationList section */
		933E14141EDCA6680044D947 /* Build configuration list for PBXProject "WeatherLink" */ = {
			isa = XCConfigurationList;
			buildConfigurations = (
				933E141B1EDCA6680044D947 /* Debug */,
				933E141C1EDCA6680044D947 /* Release */,
			);
			defaultConfigurationIsVisible = 0;
			defaultConfigurationName = Release;
		};
		933E141D1EDCA6680044D947 /* Build configuration list for PBXNativeTarget "WeatherLink" */ = {
			isa = XCConfigurationList;
			buildConfigurations = (
				933E141E1EDCA6680044D947 /* Debug */,
				933E141F1EDCA6680044D947 /* Release */,
			);
			defaultConfigurationIsVisible = 0;
			defaultConfigurationName = Release;
		};
/* End XCConfigurationList section */
	};
	rootObject = 933E14111EDCA6680044D947 /* Project object */;
}
